{
  "version": 4,
  "terraform_version": "0.15.1",
  "serial": 28,
  "lineage": "f63df589-54db-fac1-59da-e09b8d3fbf4a",
  "outputs": {
    "AZ": {
      "value": [
        "us-east-1e",
        "us-east-1e"
      ],
      "type": [
        "tuple",
        [
          "string",
          "string"
        ]
      ]
    },
    "ebs": {
      "value": [
        [
          {
            "delete_on_termination": true,
            "device_name": "/dev/sdg",
            "encrypted": false,
            "iops": 100,
            "kms_key_id": "",
            "snapshot_id": "",
            "tags": {},
            "throughput": 0,
            "volume_id": "vol-0a5c602b83c022faf",
            "volume_size": 1,
            "volume_type": "gp2"
          }
        ],
        [
          {
            "delete_on_termination": true,
            "device_name": "/dev/sdg",
            "encrypted": false,
            "iops": 100,
            "kms_key_id": "",
            "snapshot_id": "",
            "tags": {},
            "throughput": 0,
            "volume_id": "vol-026e3dfe1b5a60c2b",
            "volume_size": 1,
            "volume_type": "gp2"
          }
        ]
      ],
      "type": [
        "tuple",
        [
          [
            "set",
            [
              "object",
              {
                "delete_on_termination": "bool",
                "device_name": "string",
                "encrypted": "bool",
                "iops": "number",
                "kms_key_id": "string",
                "snapshot_id": "string",
                "tags": [
                  "map",
                  "string"
                ],
                "throughput": "number",
                "volume_id": "string",
                "volume_size": "number",
                "volume_type": "string"
              }
            ]
          ],
          [
            "set",
            [
              "object",
              {
                "delete_on_termination": "bool",
                "device_name": "string",
                "encrypted": "bool",
                "iops": "number",
                "kms_key_id": "string",
                "snapshot_id": "string",
                "tags": [
                  "map",
                  "string"
                ],
                "throughput": "number",
                "volume_id": "string",
                "volume_size": "number",
                "volume_type": "string"
              }
            ]
          ]
        ]
      ]
    },
    "ins_id": {
      "value": [
        "i-0d59804e1cf8b97f5",
        "i-038d02c616ef5b33d"
      ],
      "type": [
        "tuple",
        [
          "string",
          "string"
        ]
      ]
    },
    "ins_ip": {
      "value": [
        "100.25.3.126",
        "54.84.120.182"
      ],
      "type": [
        "tuple",
        [
          "string",
          "string"
        ]
      ]
    },
    "ins_ipp": {
      "value": [
        "172.31.48.183",
        "172.31.55.164"
      ],
      "type": [
        "tuple",
        [
          "string",
          "string"
        ]
      ]
    }
  },
  "resources": [
    {
      "mode": "managed",
      "type": "aws_instance",
      "name": "main",
      "provider": "provider[\"registry.terraform.io/hashicorp/aws\"]",
      "instances": [
        {
          "index_key": 0,
          "schema_version": 1,
          "attributes": {
            "ami": "ami-048f6ed62451373d9",
            "arn": "arn:aws:ec2:us-east-1:611811883668:instance/i-0d59804e1cf8b97f5",
            "associate_public_ip_address": true,
            "availability_zone": "us-east-1e",
            "cpu_core_count": 1,
            "cpu_threads_per_core": 1,
            "credit_specification": [
              {
                "cpu_credits": "standard"
              }
            ],
            "disable_api_termination": false,
            "ebs_block_device": [
              {
                "delete_on_termination": true,
                "device_name": "/dev/sdg",
                "encrypted": false,
                "iops": 100,
                "kms_key_id": "",
                "snapshot_id": "",
                "tags": {},
                "throughput": 0,
                "volume_id": "vol-0a5c602b83c022faf",
                "volume_size": 1,
                "volume_type": "gp2"
              }
            ],
            "ebs_optimized": false,
            "enclave_options": [
              {
                "enabled": false
              }
            ],
            "ephemeral_block_device": [],
            "get_password_data": false,
            "hibernation": false,
            "host_id": null,
            "iam_instance_profile": "",
            "id": "i-0d59804e1cf8b97f5",
            "instance_initiated_shutdown_behavior": "stop",
            "instance_state": "running",
            "instance_type": "t2.micro",
            "ipv6_address_count": 0,
            "ipv6_addresses": [],
            "key_name": "my",
            "metadata_options": [
              {
                "http_endpoint": "enabled",
                "http_put_response_hop_limit": 1,
                "http_tokens": "optional"
              }
            ],
            "monitoring": true,
            "network_interface": [],
            "outpost_arn": "",
            "password_data": "",
            "placement_group": "",
            "primary_network_interface_id": "eni-036265d43dcf6d9db",
            "private_dns": "ip-172-31-48-183.ec2.internal",
            "private_ip": "172.31.48.183",
            "public_dns": "ec2-100-25-3-126.compute-1.amazonaws.com",
            "public_ip": "100.25.3.126",
            "root_block_device": [
              {
                "delete_on_termination": true,
                "device_name": "/dev/xvda",
                "encrypted": false,
                "iops": 100,
                "kms_key_id": "",
                "tags": {},
                "throughput": 0,
                "volume_id": "vol-0ddb3245ed2a4faad",
                "volume_size": 8,
                "volume_type": "gp2"
              }
            ],
            "secondary_private_ips": [],
            "security_groups": [
              "default"
            ],
            "source_dest_check": true,
            "subnet_id": "subnet-27a07916",
            "tags": {
              "created_by": "suneel",
              "name": "terraform"
            },
            "tags_all": {
              "created_by": "suneel",
              "name": "terraform"
            },
            "tenancy": "default",
            "timeouts": null,
            "user_data": "08fd5b5bd13d97dcf4d1f17f508b860797050f6b",
            "user_data_base64": null,
            "volume_tags": null,
            "vpc_security_group_ids": [
              "sg-41b7c749"
            ]
          },
          "sensitive_attributes": [],
          "private": "eyJlMmJmYjczMC1lY2FhLTExZTYtOGY4OC0zNDM2M2JjN2M0YzAiOnsiY3JlYXRlIjo2MDAwMDAwMDAwMDAsImRlbGV0ZSI6MTIwMDAwMDAwMDAwMCwidXBkYXRlIjo2MDAwMDAwMDAwMDB9LCJzY2hlbWFfdmVyc2lvbiI6IjEifQ=="
        },
        {
          "index_key": 1,
          "schema_version": 1,
          "attributes": {
            "ami": "ami-048f6ed62451373d9",
            "arn": "arn:aws:ec2:us-east-1:611811883668:instance/i-038d02c616ef5b33d",
            "associate_public_ip_address": true,
            "availability_zone": "us-east-1e",
            "cpu_core_count": 1,
            "cpu_threads_per_core": 1,
            "credit_specification": [
              {
                "cpu_credits": "standard"
              }
            ],
            "disable_api_termination": false,
            "ebs_block_device": [
              {
                "delete_on_termination": true,
                "device_name": "/dev/sdg",
                "encrypted": false,
                "iops": 100,
                "kms_key_id": "",
                "snapshot_id": "",
                "tags": {},
                "throughput": 0,
                "volume_id": "vol-026e3dfe1b5a60c2b",
                "volume_size": 1,
                "volume_type": "gp2"
              }
            ],
            "ebs_optimized": false,
            "enclave_options": [
              {
                "enabled": false
              }
            ],
            "ephemeral_block_device": [],
            "get_password_data": false,
            "hibernation": false,
            "host_id": null,
            "iam_instance_profile": "",
            "id": "i-038d02c616ef5b33d",
            "instance_initiated_shutdown_behavior": "stop",
            "instance_state": "running",
            "instance_type": "t2.micro",
            "ipv6_address_count": 0,
            "ipv6_addresses": [],
            "key_name": "my",
            "metadata_options": [
              {
                "http_endpoint": "enabled",
                "http_put_response_hop_limit": 1,
                "http_tokens": "optional"
              }
            ],
            "monitoring": true,
            "network_interface": [],
            "outpost_arn": "",
            "password_data": "",
            "placement_group": "",
            "primary_network_interface_id": "eni-0f353994093af0187",
            "private_dns": "ip-172-31-55-164.ec2.internal",
            "private_ip": "172.31.55.164",
            "public_dns": "ec2-54-84-120-182.compute-1.amazonaws.com",
            "public_ip": "54.84.120.182",
            "root_block_device": [
              {
                "delete_on_termination": true,
                "device_name": "/dev/xvda",
                "encrypted": false,
                "iops": 100,
                "kms_key_id": "",
                "tags": {},
                "throughput": 0,
                "volume_id": "vol-0ae4da2568c9d1242",
                "volume_size": 8,
                "volume_type": "gp2"
              }
            ],
            "secondary_private_ips": [],
            "security_groups": [
              "default"
            ],
            "source_dest_check": true,
            "subnet_id": "subnet-27a07916",
            "tags": {
              "created_by": "suneel",
              "name": "terraform"
            },
            "tags_all": {
              "created_by": "suneel",
              "name": "terraform"
            },
            "tenancy": "default",
            "timeouts": null,
            "user_data": "08fd5b5bd13d97dcf4d1f17f508b860797050f6b",
            "user_data_base64": null,
            "volume_tags": null,
            "vpc_security_group_ids": [
              "sg-41b7c749"
            ]
          },
          "sensitive_attributes": [],
          "private": "eyJlMmJmYjczMC1lY2FhLTExZTYtOGY4OC0zNDM2M2JjN2M0YzAiOnsiY3JlYXRlIjo2MDAwMDAwMDAwMDAsImRlbGV0ZSI6MTIwMDAwMDAwMDAwMCwidXBkYXRlIjo2MDAwMDAwMDAwMDB9LCJzY2hlbWFfdmVyc2lvbiI6IjEifQ=="
        }
      ]
    }
  ]
}
